
Microsoft Visual Studio Solution File, Format Version 12.00
# Visual Studio Version 16
VisualStudioVersion = 16.0.32407.337
MinimumVisualStudioVersion = 10.0.40219.1
Project("{FAE04EC0-301F-11D3-BF4B-00C04F79EFBC}") = "WPF_Datagrid", "WPF_Datagrid\WPF_Datagrid.csproj", "{BCB100DE-4D9E-43DE-870C-82BEB8EACE88}"
EndProject
Global
	GlobalSection(SolutionConfigurationPlatforms) = preSolution
		Debug|Any CPU = Debug|Any CPU
		Release|Any CPU = Release|Any CPU
	EndGlobalSection
	GlobalSection(ProjectConfigurationPlatforms) = postSolution
		{BCB100DE-4D9E-43DE-870C-82BEB8EACE88}.Debug|Any CPU.ActiveCfg = Debug|Any CPU
		{BCB100DE-4D9E-43DE-870C-82BEB8EACE88}.Debug|Any CPU.Build.0 = Debug|Any CPU
		{BCB100DE-4D9E-43DE-870C-82BEB8EACE88}.Release|Any CPU.ActiveCfg = Release|Any CPU
		{BCB100DE-4D9E-43DE-870C-82BEB8EACE88}.Release|Any CPU.Build.0 = Release|Any CPU
	EndGlobalSection
	GlobalSection(SolutionProperties) = preSolution
		HideSolutionNode = FALSE
	EndGlobalSection
	GlobalSection(ExtensibilityGlobals) = postSolution
		SolutionGuid = {0BB129B8-F110-4377-BEE9-D1FAA96D2888}
	EndGlobalSection
EndGlobal
